
Microsoft Visual Studio Solution File, Format Version 12.00
# Visual Studio 2012
Project("{FAE04EC0-301F-11D3-BF4B-00C04F79EFBC}") = "LogExec", "LogExec\LogExec.csproj", "{AE47E911-2EF6-478C-968C-BB6B2D81C849}"
EndProject
Project("{FAE04EC0-301F-11D3-BF4B-00C04F79EFBC}") = "LogExec.UnitTests", "LogExec.UnitTests\LogExec.UnitTests.csproj", "{4B54A380-6A84-4165-8FAE-4E5B2773C701}"
EndProject
Project("{2150E333-8FDC-42A3-9474-1A3956D46DE8}") = "Samples", "Samples", "{05863E1C-EF23-4024-A016-127B9E031EBA}"
EndProject
Project("{FAE04EC0-301F-11D3-BF4B-00C04F79EFBC}") = "LogExec.Sample.Console", "Samples\LogExec.Sample.Console\LogExec.Sample.Console.csproj", "{C2288393-DCBB-4806-936D-B4DCEFC99A38}"
EndProject
Project("{2150E333-8FDC-42A3-9474-1A3956D46DE8}") = "Solution Items", "Solution Items", "{7E8BD8CC-05A4-4370-8BC2-27AF70C53864}"
	ProjectSection(SolutionItems) = preProject
		LICENSE = LICENSE
		README.md = README.md
	EndProjectSection
EndProject
Project("{FAE04EC0-301F-11D3-BF4B-00C04F79EFBC}") = "LogExec.Sample.Mvc.Web", "Samples\LogExec.Sample.Mvc.Web\LogExec.Sample.Mvc.Web.csproj", "{0C1984F2-716E-4F48-87FE-6A69051EAF37}"
EndProject
Global
	GlobalSection(SolutionConfigurationPlatforms) = preSolution
		Debug|Any CPU = Debug|Any CPU
		Release|Any CPU = Release|Any CPU
	EndGlobalSection
	GlobalSection(ProjectConfigurationPlatforms) = postSolution
		{AE47E911-2EF6-478C-968C-BB6B2D81C849}.Debug|Any CPU.ActiveCfg = Debug|Any CPU
		{AE47E911-2EF6-478C-968C-BB6B2D81C849}.Debug|Any CPU.Build.0 = Debug|Any CPU
		{AE47E911-2EF6-478C-968C-BB6B2D81C849}.Release|Any CPU.ActiveCfg = Release|Any CPU
		{AE47E911-2EF6-478C-968C-BB6B2D81C849}.Release|Any CPU.Build.0 = Release|Any CPU
		{4B54A380-6A84-4165-8FAE-4E5B2773C701}.Debug|Any CPU.ActiveCfg = Debug|Any CPU
		{4B54A380-6A84-4165-8FAE-4E5B2773C701}.Debug|Any CPU.Build.0 = Debug|Any CPU
		{4B54A380-6A84-4165-8FAE-4E5B2773C701}.Release|Any CPU.ActiveCfg = Release|Any CPU
		{4B54A380-6A84-4165-8FAE-4E5B2773C701}.Release|Any CPU.Build.0 = Release|Any CPU
		{C2288393-DCBB-4806-936D-B4DCEFC99A38}.Debug|Any CPU.ActiveCfg = Debug|Any CPU
		{C2288393-DCBB-4806-936D-B4DCEFC99A38}.Debug|Any CPU.Build.0 = Debug|Any CPU
		{C2288393-DCBB-4806-936D-B4DCEFC99A38}.Release|Any CPU.ActiveCfg = Release|Any CPU
		{C2288393-DCBB-4806-936D-B4DCEFC99A38}.Release|Any CPU.Build.0 = Release|Any CPU
		{0C1984F2-716E-4F48-87FE-6A69051EAF37}.Debug|Any CPU.ActiveCfg = Debug|Any CPU
		{0C1984F2-716E-4F48-87FE-6A69051EAF37}.Debug|Any CPU.Build.0 = Debug|Any CPU
		{0C1984F2-716E-4F48-87FE-6A69051EAF37}.Release|Any CPU.ActiveCfg = Release|Any CPU
		{0C1984F2-716E-4F48-87FE-6A69051EAF37}.Release|Any CPU.Build.0 = Release|Any CPU
	EndGlobalSection
	GlobalSection(SolutionProperties) = preSolution
		HideSolutionNode = FALSE
	EndGlobalSection
	GlobalSection(NestedProjects) = preSolution
		{C2288393-DCBB-4806-936D-B4DCEFC99A38} = {05863E1C-EF23-4024-A016-127B9E031EBA}
		{0C1984F2-716E-4F48-87FE-6A69051EAF37} = {05863E1C-EF23-4024-A016-127B9E031EBA}
	EndGlobalSection
EndGlobal
